// !$*UTF8*$!
{
	archiveVersion = 1;
	classes = {
	};
	objectVersion = 51;
	objects = {

/* Begin PBXBuildFile section */
		2C347257258F63AE0039C18F /* AppDelegate.swift in Sources */ = {isa = PBXBuildFile; fileRef = 2C347256258F63AE0039C18F /* AppDelegate.swift */; };
		2C347259258F63AE0039C18F /* SceneDelegate.swift in Sources */ = {isa = PBXBuildFile; fileRef = 2C347258258F63AE0039C18F /* SceneDelegate.swift */; };
		2C34725E258F63AE0039C18F /* Main.storyboard in Resources */ = {isa = PBXBuildFile; fileRef = 2C34725C258F63AE0039C18F /* Main.storyboard */; };
		2C347260258F63B00039C18F /* Assets.xcassets in Resources */ = {isa = PBXBuildFile; fileRef = 2C34725F258F63B00039C18F /* Assets.xcassets */; };
		2C347263258F63B00039C18F /* LaunchScreen.storyboard in Resources */ = {isa = PBXBuildFile; fileRef = 2C347261258F63B00039C18F /* LaunchScreen.storyboard */; };
		2C34726C258F65970039C18F /* MainViewController.swift in Sources */ = {isa = PBXBuildFile; fileRef = 2C34726B258F65970039C18F /* MainViewController.swift */; };
		2C34726F258F65AB0039C18F /* PhotosViewController.swift in Sources */ = {isa = PBXBuildFile; fileRef = 2C34726E258F65AB0039C18F /* PhotosViewController.swift */; };
		2C347273258F67540039C18F /* PhotoCell.swift in Sources */ = {isa = PBXBuildFile; fileRef = 2C347272258F67540039C18F /* PhotoCell.swift */; };
		2C34727B258F6B070039C18F /* UIImage+Collage.swift in Sources */ = {isa = PBXBuildFile; fileRef = 2C34727A258F6B060039C18F /* UIImage+Collage.swift */; };
		2C347285258F769A0039C18F /* PhotoWriter.swift in Sources */ = {isa = PBXBuildFile; fileRef = 2C347284258F769A0039C18F /* PhotoWriter.swift */; };
		2C347289258F76A30039C18F /* AlertViewExtension.swift in Sources */ = {isa = PBXBuildFile; fileRef = 2C347287258F76A30039C18F /* AlertViewExtension.swift */; };
		2C34728A258F76A30039C18F /* PHPhotoLibrary+rx.swift in Sources */ = {isa = PBXBuildFile; fileRef = 2C347288258F76A30039C18F /* PHPhotoLibrary+rx.swift */; };
		D9023981EA485943EE4AE780 /* Pods_RxDemo.framework in Frameworks */ = {isa = PBXBuildFile; fileRef = BDB329C8E49B04C8D21315BC /* Pods_RxDemo.framework */; };
/* End PBXBuildFile section */

/* Begin PBXFileReference section */
		2C347253258F63AE0039C18F /* RxDemo.app */ = {isa = PBXFileReference; explicitFileType = wrapper.application; includeInIndex = 0; path = RxDemo.app; sourceTree = BUILT_PRODUCTS_DIR; };
		2C347256258F63AE0039C18F /* AppDelegate.swift */ = {isa = PBXFileReference; lastKnownFileType = sourcecode.swift; path = AppDelegate.swift; sourceTree = "<group>"; };
		2C347258258F63AE0039C18F /* SceneDelegate.swift */ = {isa = PBXFileReference; lastKnownFileType = sourcecode.swift; path = SceneDelegate.swift; sourceTree = "<group>"; };
		2C34725D258F63AE0039C18F /* Base */ = {isa = PBXFileReference; lastKnownFileType = file.storyboard; name = Base; path = Base.lproj/Main.storyboard; sourceTree = "<group>"; };
		2C34725F258F63B00039C18F /* Assets.xcassets */ = {isa = PBXFileReference; lastKnownFileType = folder.assetcatalog; path = Assets.xcassets; sourceTree = "<group>"; };
		2C347262258F63B00039C18F /* Base */ = {isa = PBXFileReference; lastKnownFileType = file.storyboard; name = Base; path = Base.lproj/LaunchScreen.storyboard; sourceTree = "<group>"; };
		2C347264258F63B00039C18F /* Info.plist */ = {isa = PBXFileReference; lastKnownFileType = text.plist.xml; path = Info.plist; sourceTree = "<group>"; };
		2C34726B258F65970039C18F /* MainViewController.swift */ = {isa = PBXFileReference; lastKnownFileType = sourcecode.swift; path = MainViewController.swift; sourceTree = "<group>"; };
		2C34726E258F65AB0039C18F /* PhotosViewController.swift */ = {isa = PBXFileReference; lastKnownFileType = sourcecode.swift; path = PhotosViewController.swift; sourceTree = "<group>"; };
		2C347272258F67540039C18F /* PhotoCell.swift */ = {isa = PBXFileReference; lastKnownFileType = sourcecode.swift; path = PhotoCell.swift; sourceTree = "<group>"; };
		2C34727A258F6B060039C18F /* UIImage+Collage.swift */ = {isa = PBXFileReference; fileEncoding = 4; lastKnownFileType = sourcecode.swift; path = "UIImage+Collage.swift"; sourceTree = "<group>"; };
		2C347284258F769A0039C18F /* PhotoWriter.swift */ = {isa = PBXFileReference; fileEncoding = 4; lastKnownFileType = sourcecode.swift; path = PhotoWriter.swift; sourceTree = "<group>"; };
		2C347287258F76A30039C18F /* AlertViewExtension.swift */ = {isa = PBXFileReference; fileEncoding = 4; lastKnownFileType = sourcecode.swift; path = AlertViewExtension.swift; sourceTree = "<group>"; };
		2C347288258F76A30039C18F /* PHPhotoLibrary+rx.swift */ = {isa = PBXFileReference; fileEncoding = 4; lastKnownFileType = sourcecode.swift; path = "PHPhotoLibrary+rx.swift"; sourceTree = "<group>"; };
		4B79AE9A81EE05A3925C7FA8 /* Pods-RxDemo.debug.xcconfig */ = {isa = PBXFileReference; includeInIndex = 1; lastKnownFileType = text.xcconfig; name = "Pods-RxDemo.debug.xcconfig"; path = "Target Support Files/Pods-RxDemo/Pods-RxDemo.debug.xcconfig"; sourceTree = "<group>"; };
		BDB329C8E49B04C8D21315BC /* Pods_RxDemo.framework */ = {isa = PBXFileReference; explicitFileType = wrapper.framework; includeInIndex = 0; path = Pods_RxDemo.framework; sourceTree = BUILT_PRODUCTS_DIR; };
		C76C36E66719CC405BCEA747 /* Pods-RxDemo.release.xcconfig */ = {isa = PBXFileReference; includeInIndex = 1; lastKnownFileType = text.xcconfig; name = "Pods-RxDemo.release.xcconfig"; path = "Target Support Files/Pods-RxDemo/Pods-RxDemo.release.xcconfig"; sourceTree = "<group>"; };
/* End PBXFileReference section */

/* Begin PBXFrameworksBuildPhase section */
		2C347250258F63AE0039C18F /* Frameworks */ = {
			isa = PBXFrameworksBuildPhase;
			buildActionMask = 2147483647;
			files = (
				D9023981EA485943EE4AE780 /* Pods_RxDemo.framework in Frameworks */,
			);
			runOnlyForDeploymentPostprocessing = 0;
		};
/* End PBXFrameworksBuildPhase section */

/* Begin PBXGroup section */
		2C34724A258F63AE0039C18F = {
			isa = PBXGroup;
			children = (
				2C347255258F63AE0039C18F /* RxDemo */,
				2C347254258F63AE0039C18F /* Products */,
				DBD92B3627C10F2D3266118D /* Pods */,
				420A8D6BD0DB0C2263969DD8 /* Frameworks */,
			);
			sourceTree = "<group>";
		};
		2C347254258F63AE0039C18F /* Products */ = {
			isa = PBXGroup;
			children = (
				2C347253258F63AE0039C18F /* RxDemo.app */,
			);
			name = Products;
			sourceTree = "<group>";
		};
		2C347255258F63AE0039C18F /* RxDemo */ = {
			isa = PBXGroup;
			children = (
				2C3D15B9258FAEAF006757E6 /* Delegates */,
				2C3D15B6258FA68B006757E6 /* Classes */,
				2C34726B258F65970039C18F /* MainViewController.swift */,
				2C34726E258F65AB0039C18F /* PhotosViewController.swift */,
				2C347272258F67540039C18F /* PhotoCell.swift */,
				2C3D15BA258FAEC4006757E6 /* Assets */,
				2C34725C258F63AE0039C18F /* Main.storyboard */,
				2C347261258F63B00039C18F /* LaunchScreen.storyboard */,
				2C347264258F63B00039C18F /* Info.plist */,
			);
			path = RxDemo;
			sourceTree = "<group>";
		};
		2C3D15B6258FA68B006757E6 /* Classes */ = {
			isa = PBXGroup;
			children = (
				2C34727A258F6B060039C18F /* UIImage+Collage.swift */,
				2C347284258F769A0039C18F /* PhotoWriter.swift */,
				2C347287258F76A30039C18F /* AlertViewExtension.swift */,
				2C347288258F76A30039C18F /* PHPhotoLibrary+rx.swift */,
			);
			path = Classes;
			sourceTree = "<group>";
		};
		2C3D15B9258FAEAF006757E6 /* Delegates */ = {
			isa = PBXGroup;
			children = (
				2C347256258F63AE0039C18F /* AppDelegate.swift */,
				2C347258258F63AE0039C18F /* SceneDelegate.swift */,
			);
			path = Delegates;
			sourceTree = "<group>";
		};
		2C3D15BA258FAEC4006757E6 /* Assets */ = {
			isa = PBXGroup;
			children = (
				2C34725F258F63B00039C18F /* Assets.xcassets */,
			);
			path = Assets;
			sourceTree = "<group>";
		};
		420A8D6BD0DB0C2263969DD8 /* Frameworks */ = {
			isa = PBXGroup;
			children = (
				BDB329C8E49B04C8D21315BC /* Pods_RxDemo.framework */,
			);
			name = Frameworks;
			sourceTree = "<group>";
		};
		DBD92B3627C10F2D3266118D /* Pods */ = {
			isa = PBXGroup;
			children = (
				4B79AE9A81EE05A3925C7FA8 /* Pods-RxDemo.debug.xcconfig */,
				C76C36E66719CC405BCEA747 /* Pods-RxDemo.release.xcconfig */,
			);
			path = Pods;
			sourceTree = "<group>";
		};
/* End PBXGroup section */

/* Begin PBXNativeTarget section */
		2C347252258F63AE0039C18F /* RxDemo */ = {
			isa = PBXNativeTarget;
			buildConfigurationList = 2C347267258F63B00039C18F /* Build configuration list for PBXNativeTarget "RxDemo" */;
			buildPhases = (
				3FE934DE92B5B70D24524ACC /* [CP] Check Pods Manifest.lock */,
				2C34724F258F63AE0039C18F /* Sources */,
				2C347250258F63AE0039C18F /* Frameworks */,
				2C347251258F63AE0039C18F /* Resources */,
				702796A2C4D887590E8B98F3 /* [CP] Embed Pods Frameworks */,
			);
			buildRules = (
			);
			dependencies = (
			);
			name = RxDemo;
			productName = RxDemo;
			productReference = 2C347253258F63AE0039C18F /* RxDemo.app */;
			productType = "com.apple.product-type.application";
		};
/* End PBXNativeTarget section */

/* Begin PBXProject section */
		2C34724B258F63AE0039C18F /* Project object */ = {
			isa = PBXProject;
			attributes = {
				LastSwiftUpdateCheck = 1200;
				LastUpgradeCheck = 1200;
				TargetAttributes = {
					2C347252258F63AE0039C18F = {
						CreatedOnToolsVersion = 12.0;
					};
				};
			};
			buildConfigurationList = 2C34724E258F63AE0039C18F /* Build configuration list for PBXProject "RxDemo" */;
			compatibilityVersion = "Xcode 9.3";
			developmentRegion = en;
			hasScannedForEncodings = 0;
			knownRegions = (
				en,
				Base,
			);
			mainGroup = 2C34724A258F63AE0039C18F;
			productRefGroup = 2C347254258F63AE0039C18F /* Products */;
			projectDirPath = "";
			projectRoot = "";
			targets = (
				2C347252258F63AE0039C18F /* RxDemo */,
			);
		};
/* End PBXProject section */

/* Begin PBXResourcesBuildPhase section */
		2C347251258F63AE0039C18F /* Resources */ = {
			isa = PBXResourcesBuildPhase;
			buildActionMask = 2147483647;
			files = (
				2C347263258F63B00039C18F /* LaunchScreen.storyboard in Resources */,
				2C347260258F63B00039C18F /* Assets.xcassets in Resources */,
				2C34725E258F63AE0039C18F /* Main.storyboard in Resources */,
			);
			runOnlyForDeploymentPostprocessing = 0;
		};
/* End PBXResourcesBuildPhase section */

/* Begin PBXShellScriptBuildPhase section */
		3FE934DE92B5B70D24524ACC /* [CP] Check Pods Manifest.lock */ = {
			isa = PBXShellScriptBuildPhase;
			buildActionMask = 2147483647;
			files = (
			);
			inputFileListPaths = (
			);
			inputPaths = (
				"${PODS_PODFILE_DIR_PATH}/Podfile.lock",
				"${PODS_ROOT}/Manifest.lock",
			);
			name = "[CP] Check Pods Manifest.lock";
			outputFileListPaths = (
			);
			outputPaths = (
				"$(DERIVED_FILE_DIR)/Pods-RxDemo-checkManifestLockResult.txt",
			);
			runOnlyForDeploymentPostprocessing = 0;
			shellPath = /bin/sh;
			shellScript = "diff \"${PODS_PODFILE_DIR_PATH}/Podfile.lock\" \"${PODS_ROOT}/Manifest.lock\" > /dev/null\nif [ $? != 0 ] ; then\n    # print error to STDERR\n    echo \"error: The sandbox is not in sync with the Podfile.lock. Run 'pod install' or update your CocoaPods installation.\" >&2\n    exit 1\nfi\n# This output is used by Xcode 'outputs' to avoid re-running this script phase.\necho \"SUCCESS\" > \"${SCRIPT_OUTPUT_FILE_0}\"\n";
			showEnvVarsInLog = 0;
		};
		702796A2C4D887590E8B98F3 /* [CP] Embed Pods Frameworks */ = {
			isa = PBXShellScriptBuildPhase;
			buildActionMask = 2147483647;
			files = (
			);
			inputFileListPaths = (
				"${PODS_ROOT}/Target Support Files/Pods-RxDemo/Pods-RxDemo-frameworks-${CONFIGURATION}-input-files.xcfilelist",
			);
			name = "[CP] Embed Pods Frameworks";
			outputFileListPaths = (
				"${PODS_ROOT}/Target Support Files/Pods-RxDemo/Pods-RxDemo-frameworks-${CONFIGURATION}-output-files.xcfilelist",
			);
			runOnlyForDeploymentPostprocessing = 0;
			shellPath = /bin/sh;
			shellScript = "\"${PODS_ROOT}/Target Support Files/Pods-RxDemo/Pods-RxDemo-frameworks.sh\"\n";
			showEnvVarsInLog = 0;
		};
/* End PBXShellScriptBuildPhase section */

/* Begin PBXSourcesBuildPhase section */
		2C34724F258F63AE0039C18F /* Sources */ = {
			isa = PBXSourcesBuildPhase;
			buildActionMask = 2147483647;
			files = (
				2C347289258F76A30039C18F /* AlertViewExtension.swift in Sources */,
				2C34727B258F6B070039C18F /* UIImage+Collage.swift in Sources */,
				2C347257258F63AE0039C18F /* AppDelegate.swift in Sources */,
				2C347285258F769A0039C18F /* PhotoWriter.swift in Sources */,
				2C347259258F63AE0039C18F /* SceneDelegate.swift in Sources */,
				2C34728A258F76A30039C18F /* PHPhotoLibrary+rx.swift in Sources */,
				2C34726C258F65970039C18F /* MainViewController.swift in Sources */,
				2C347273258F67540039C18F /* PhotoCell.swift in Sources */,
				2C34726F258F65AB0039C18F /* PhotosViewController.swift in Sources */,
			);
			runOnlyForDeploymentPostprocessing = 0;
		};
/* End PBXSourcesBuildPhase section */

/* Begin PBXVariantGroup section */
		2C34725C258F63AE0039C18F /* Main.storyboard */ = {
			isa = PBXVariantGroup;
			children = (
				2C34725D258F63AE0039C18F /* Base */,
			);
			name = Main.storyboard;
			sourceTree = "<group>";
		};
		2C347261258F63B00039C18F /* LaunchScreen.storyboard */ = {
			isa = PBXVariantGroup;
			children = (
				2C347262258F63B00039C18F /* Base */,
			);
			name = LaunchScreen.storyboard;
			sourceTree = "<group>";
		};
/* End PBXVariantGroup section */

/* Begin XCBuildConfiguration section */
		2C347265258F63B00039C18F /* Debug */ = {
			isa = XCBuildConfiguration;
			buildSettings = {
				ALWAYS_SEARCH_USER_PATHS = NO;
				CLANG_ANALYZER_NONNULL = YES;
				CLANG_ANALYZER_NUMBER_OBJECT_CONVERSION = YES_AGGRESSIVE;
				CLANG_CXX_LANGUAGE_STANDARD = "gnu++14";
				CLANG_CXX_LIBRARY = "libc++";
				CLANG_ENABLE_MODULES = YES;
				CLANG_ENABLE_OBJC_ARC = YES;
				CLANG_ENABLE_OBJC_WEAK = YES;
				CLANG_WARN_BLOCK_CAPTURE_AUTORELEASING = YES;
				CLANG_WARN_BOOL_CONVERSION = YES;
				CLANG_WARN_COMMA = YES;
				CLANG_WARN_CONSTANT_CONVERSION = YES;
				CLANG_WARN_DEPRECATED_OBJC_IMPLEMENTATIONS = YES;
				CLANG_WARN_DIRECT_OBJC_ISA_USAGE = YES_ERROR;
				CLANG_WARN_DOCUMENTATION_COMMENTS = YES;
				CLANG_WARN_EMPTY_BODY = YES;
				CLANG_WARN_ENUM_CONVERSION = YES;
				CLANG_WARN_INFINITE_RECURSION = YES;
				CLANG_WARN_INT_CONVERSION = YES;
				CLANG_WARN_NON_LITERAL_NULL_CONVERSION = YES;
				CLANG_WARN_OBJC_IMPLICIT_RETAIN_SELF = YES;
				CLANG_WARN_OBJC_LITERAL_CONVERSION = YES;
				CLANG_WARN_OBJC_ROOT_CLASS = YES_ERROR;
				CLANG_WARN_QUOTED_INCLUDE_IN_FRAMEWORK_HEADER = YES;
				CLANG_WARN_RANGE_LOOP_ANALYSIS = YES;
				CLANG_WARN_STRICT_PROTOTYPES = YES;
				CLANG_WARN_SUSPICIOUS_MOVE = YES;
				CLANG_WARN_UNGUARDED_AVAILABILITY = YES_AGGRESSIVE;
				CLANG_WARN_UNREACHABLE_CODE = YES;
				CLANG_WARN__DUPLICATE_METHOD_MATCH = YES;
				COPY_PHASE_STRIP = NO;
				DEBUG_INFORMATION_FORMAT = dwarf;
				ENABLE_STRICT_OBJC_MSGSEND = YES;
				ENABLE_TESTABILITY = YES;
				GCC_C_LANGUAGE_STANDARD = gnu11;
				GCC_DYNAMIC_NO_PIC = NO;
				GCC_NO_COMMON_BLOCKS = YES;
				GCC_OPTIMIZATION_LEVEL = 0;
				GCC_PREPROCESSOR_DEFINITIONS = (
					"DEBUG=1",
					"$(inherited)",
				);
				GCC_WARN_64_TO_32_BIT_CONVERSION = YES;
				GCC_WARN_ABOUT_RETURN_TYPE = YES_ERROR;
				GCC_WARN_UNDECLARED_SELECTOR = YES;
				GCC_WARN_UNINITIALIZED_AUTOS = YES_AGGRESSIVE;
				GCC_WARN_UNUSED_FUNCTION = YES;
				GCC_WARN_UNUSED_VARIABLE = YES;
				IPHONEOS_DEPLOYMENT_TARGET = 14.0;
				MTL_ENABLE_DEBUG_INFO = INCLUDE_SOURCE;
				MTL_FAST_MATH = YES;
				ONLY_ACTIVE_ARCH = YES;
				SDKROOT = iphoneos;
				SWIFT_ACTIVE_COMPILATION_CONDITIONS = DEBUG;
				SWIFT_OPTIMIZATION_LEVEL = "-Onone";
			};
			name = Debug;
		};
		2C347266258F63B00039C18F /* Release */ = {
			isa = XCBuildConfiguration;
			buildSettings = {
				ALWAYS_SEARCH_USER_PATHS = NO;
				CLANG_ANALYZER_NONNULL = YES;
				CLANG_ANALYZER_NUMBER_OBJECT_CONVERSION = YES_AGGRESSIVE;
				CLANG_CXX_LANGUAGE_STANDARD = "gnu++14";
				CLANG_CXX_LIBRARY = "libc++";
				CLANG_ENABLE_MODULES = YES;
				CLANG_ENABLE_OBJC_ARC = YES;
				CLANG_ENABLE_OBJC_WEAK = YES;
				CLANG_WARN_BLOCK_CAPTURE_AUTORELEASING = YES;
				CLANG_WARN_BOOL_CONVERSION = YES;
				CLANG_WARN_COMMA = YES;
				CLANG_WARN_CONSTANT_CONVERSION = YES;
				CLANG_WARN_DEPRECATED_OBJC_IMPLEMENTATIONS = YES;
				CLANG_WARN_DIRECT_OBJC_ISA_USAGE = YES_ERROR;
				CLANG_WARN_DOCUMENTATION_COMMENTS = YES;
				CLANG_WARN_EMPTY_BODY = YES;
				CLANG_WARN_ENUM_CONVERSION = YES;
				CLANG_WARN_INFINITE_RECURSION = YES;
				CLANG_WARN_INT_CONVERSION = YES;
				CLANG_WARN_NON_LITERAL_NULL_CONVERSION = YES;
				CLANG_WARN_OBJC_IMPLICIT_RETAIN_SELF = YES;
				CLANG_WARN_OBJC_LITERAL_CONVERSION = YES;
				CLANG_WARN_OBJC_ROOT_CLASS = YES_ERROR;
				CLANG_WARN_QUOTED_INCLUDE_IN_FRAMEWORK_HEADER = YES;
				CLANG_WARN_RANGE_LOOP_ANALYSIS = YES;
				CLANG_WARN_STRICT_PROTOTYPES = YES;
				CLANG_WARN_SUSPICIOUS_MOVE = YES;
				CLANG_WARN_UNGUARDED_AVAILABILITY = YES_AGGRESSIVE;
				CLANG_WARN_UNREACHABLE_CODE = YES;
				CLANG_WARN__DUPLICATE_METHOD_MATCH = YES;
				COPY_PHASE_STRIP = NO;
				DEBUG_INFORMATION_FORMAT = "dwarf-with-dsym";
				ENABLE_NS_ASSERTIONS = NO;
				ENABLE_STRICT_OBJC_MSGSEND = YES;
				GCC_C_LANGUAGE_STANDARD = gnu11;
				GCC_NO_COMMON_BLOCKS = YES;
				GCC_WARN_64_TO_32_BIT_CONVERSION = YES;
				GCC_WARN_ABOUT_RETURN_TYPE = YES_ERROR;
				GCC_WARN_UNDECLARED_SELECTOR = YES;
				GCC_WARN_UNINITIALIZED_AUTOS = YES_AGGRESSIVE;
				GCC_WARN_UNUSED_FUNCTION = YES;
				GCC_WARN_UNUSED_VARIABLE = YES;
				IPHONEOS_DEPLOYMENT_TARGET = 14.0;
				MTL_ENABLE_DEBUG_INFO = NO;
				MTL_FAST_MATH = YES;
				SDKROOT = iphoneos;
				SWIFT_COMPILATION_MODE = wholemodule;
				SWIFT_OPTIMIZATION_LEVEL = "-O";
				VALIDATE_PRODUCT = YES;
			};
			name = Release;
		};
		2C347268258F63B00039C18F /* Debug */ = {
			isa = XCBuildConfiguration;
			baseConfigurationReference = 4B79AE9A81EE05A3925C7FA8 /* Pods-RxDemo.debug.xcconfig */;
			buildSettings = {
				ASSETCATALOG_COMPILER_APPICON_NAME = AppIcon;
				ASSETCATALOG_COMPILER_GLOBAL_ACCENT_COLOR_NAME = AccentColor;
				CODE_SIGN_STYLE = Automatic;
				DEVELOPMENT_TEAM = T7T8HD6U45;
				INFOPLIST_FILE = RxDemo/Info.plist;
				LD_RUNPATH_SEARCH_PATHS = (
					"$(inherited)",
					"@executable_path/Frameworks",
				);
				PRODUCT_BUNDLE_IDENTIFIER = com.ahmedbeddah.RxDemo;
				PRODUCT_NAME = "$(TARGET_NAME)";
				SWIFT_VERSION = 5.0;
				TARGETED_DEVICE_FAMILY = "1,2";
			};
			name = Debug;
		};
		2C347269258F63B00039C18F /* Release */ = {
			isa = XCBuildConfiguration;
			baseConfigurationReference = C76C36E66719CC405BCEA747 /* Pods-RxDemo.release.xcconfig */;
			buildSettings = {
				ASSETCATALOG_COMPILER_APPICON_NAME = AppIcon;
				ASSETCATALOG_COMPILER_GLOBAL_ACCENT_COLOR_NAME = AccentColor;
				CODE_SIGN_STYLE = Automatic;
				DEVELOPMENT_TEAM = T7T8HD6U45;
				INFOPLIST_FILE = RxDemo/Info.plist;
				LD_RUNPATH_SEARCH_PATHS = (
					"$(inherited)",
					"@executable_path/Frameworks",
				);
				PRODUCT_BUNDLE_IDENTIFIER = com.ahmedbeddah.RxDemo;
				PRODUCT_NAME = "$(TARGET_NAME)";
				SWIFT_VERSION = 5.0;
				TARGETED_DEVICE_FAMILY = "1,2";
			};
			name = Release;
		};
/* End XCBuildConfiguration section */

/* Begin XCConfigurationList section */
		2C34724E258F63AE0039C18F /* Build configuration list for PBXProject "RxDemo" */ = {
			isa = XCConfigurationList;
			buildConfigurations = (
				2C347265258F63B00039C18F /* Debug */,
				2C347266258F63B00039C18F /* Release */,
			);
			defaultConfigurationIsVisible = 0;
			defaultConfigurationName = Release;
		};
		2C347267258F63B00039C18F /* Build configuration list for PBXNativeTarget "RxDemo" */ = {
			isa = XCConfigurationList;
			buildConfigurations = (
				2C347268258F63B00039C18F /* Debug */,
				2C347269258F63B00039C18F /* Release */,
			);
			defaultConfigurationIsVisible = 0;
			defaultConfigurationName = Release;
		};
/* End XCConfigurationList section */
	};
	rootObject = 2C34724B258F63AE0039C18F /* Project object */;
}
